
Microsoft Visual Studio Solution File, Format Version 12.00
# Visual Studio Version 17
VisualStudioVersion = 17.3.32825.248
MinimumVisualStudioVersion = 10.0.40219.1
Project("{FAE04EC0-301F-11D3-BF4B-00C04F79EFBC}") = "DrivingCar.Domain", "src\DrivingCar.Domain\DrivingCar.Domain.csproj", "{BBF1E8F3-E598-468D-A962-B0CFF249733B}"
EndProject
Project("{FAE04EC0-301F-11D3-BF4B-00C04F79EFBC}") = "DrivingCar.Application", "src\DrivingCar.Application\DrivingCar.Application.csproj", "{B31F2825-F1FD-4F6F-A45D-B9C14E2FDECD}"
EndProject
Project("{FAE04EC0-301F-11D3-BF4B-00C04F79EFBC}") = "DrivingCar.Infrastructure", "src\DrivingCar.Infrastructure\DrivingCar.Infrastructure.csproj", "{DC68C971-B091-44D5-B84A-617E3C3209F6}"
EndProject
Project("{FAE04EC0-301F-11D3-BF4B-00C04F79EFBC}") = "DrivingCar.UnitTest", "src\DrivingCar.UnitTest\DrivingCar.UnitTest.csproj", "{54B31D74-53BB-4703-8881-156C53D65363}"
EndProject
Global
	GlobalSection(SolutionConfigurationPlatforms) = preSolution
		Debug|Any CPU = Debug|Any CPU
		Release|Any CPU = Release|Any CPU
	EndGlobalSection
	GlobalSection(ProjectConfigurationPlatforms) = postSolution
		{BBF1E8F3-E598-468D-A962-B0CFF249733B}.Debug|Any CPU.ActiveCfg = Debug|Any CPU
		{BBF1E8F3-E598-468D-A962-B0CFF249733B}.Debug|Any CPU.Build.0 = Debug|Any CPU
		{BBF1E8F3-E598-468D-A962-B0CFF249733B}.Release|Any CPU.ActiveCfg = Release|Any CPU
		{BBF1E8F3-E598-468D-A962-B0CFF249733B}.Release|Any CPU.Build.0 = Release|Any CPU
		{B31F2825-F1FD-4F6F-A45D-B9C14E2FDECD}.Debug|Any CPU.ActiveCfg = Debug|Any CPU
		{B31F2825-F1FD-4F6F-A45D-B9C14E2FDECD}.Debug|Any CPU.Build.0 = Debug|Any CPU
		{B31F2825-F1FD-4F6F-A45D-B9C14E2FDECD}.Release|Any CPU.ActiveCfg = Release|Any CPU
		{B31F2825-F1FD-4F6F-A45D-B9C14E2FDECD}.Release|Any CPU.Build.0 = Release|Any CPU
		{DC68C971-B091-44D5-B84A-617E3C3209F6}.Debug|Any CPU.ActiveCfg = Debug|Any CPU
		{DC68C971-B091-44D5-B84A-617E3C3209F6}.Debug|Any CPU.Build.0 = Debug|Any CPU
		{DC68C971-B091-44D5-B84A-617E3C3209F6}.Release|Any CPU.ActiveCfg = Release|Any CPU
		{DC68C971-B091-44D5-B84A-617E3C3209F6}.Release|Any CPU.Build.0 = Release|Any CPU
		{54B31D74-53BB-4703-8881-156C53D65363}.Debug|Any CPU.ActiveCfg = Debug|Any CPU
		{54B31D74-53BB-4703-8881-156C53D65363}.Debug|Any CPU.Build.0 = Debug|Any CPU
		{54B31D74-53BB-4703-8881-156C53D65363}.Release|Any CPU.ActiveCfg = Release|Any CPU
		{54B31D74-53BB-4703-8881-156C53D65363}.Release|Any CPU.Build.0 = Release|Any CPU
	EndGlobalSection
	GlobalSection(SolutionProperties) = preSolution
		HideSolutionNode = FALSE
	EndGlobalSection
	GlobalSection(ExtensibilityGlobals) = postSolution
		SolutionGuid = {C3D36BF1-71A3-4803-B2FC-FB66FE6D6792}
	EndGlobalSection
EndGlobal
