
Microsoft Visual Studio Solution File, Format Version 12.00
# Visual Studio Version 17
VisualStudioVersion = 17.3.32825.248
MinimumVisualStudioVersion = 10.0.40219.1
Project("{FAE04EC0-301F-11D3-BF4B-00C04F79EFBC}") = "DrivingCar.Domain", "src\DrivingCar.Domain\DrivingCar.Domain.csproj", "{BBF1E8F3-E598-468D-A962-B0CFF249733B}"
EndProject
Global
	GlobalSection(SolutionConfigurationPlatforms) = preSolution
		Debug|Any CPU = Debug|Any CPU
		Release|Any CPU = Release|Any CPU
	EndGlobalSection
	GlobalSection(ProjectConfigurationPlatforms) = postSolution
		{BBF1E8F3-E598-468D-A962-B0CFF249733B}.Debug|Any CPU.ActiveCfg = Debug|Any CPU
		{BBF1E8F3-E598-468D-A962-B0CFF249733B}.Debug|Any CPU.Build.0 = Debug|Any CPU
		{BBF1E8F3-E598-468D-A962-B0CFF249733B}.Release|Any CPU.ActiveCfg = Release|Any CPU
		{BBF1E8F3-E598-468D-A962-B0CFF249733B}.Release|Any CPU.Build.0 = Release|Any CPU
	EndGlobalSection
	GlobalSection(SolutionProperties) = preSolution
		HideSolutionNode = FALSE
	EndGlobalSection
	GlobalSection(ExtensibilityGlobals) = postSolution
		SolutionGuid = {C3D36BF1-71A3-4803-B2FC-FB66FE6D6792}
	EndGlobalSection
EndGlobal
